// !$*UTF8*$!
{
	archiveVersion = 1;
	classes = {
	};
	objectVersion = 46;
	objects = {

/* Begin PBXBuildFile section */
		AA3DBDE51C43A5AE00DB23A4 /* main.m in Sources */ = {isa = PBXBuildFile; fileRef = AA3DBDE41C43A5AE00DB23A4 /* main.m */; };
		AA3DBDE81C43A5AE00DB23A4 /* AppDelegate.m in Sources */ = {isa = PBXBuildFile; fileRef = AA3DBDE71C43A5AE00DB23A4 /* AppDelegate.m */; };
		AA3DBDEE1C43A5AE00DB23A4 /* Main.storyboard in Resources */ = {isa = PBXBuildFile; fileRef = AA3DBDEC1C43A5AE00DB23A4 /* Main.storyboard */; };
		AA3DBDF01C43A5AE00DB23A4 /* Assets.xcassets in Resources */ = {isa = PBXBuildFile; fileRef = AA3DBDEF1C43A5AE00DB23A4 /* Assets.xcassets */; };
		AA3DBDF31C43A5AE00DB23A4 /* LaunchScreen.storyboard in Resources */ = {isa = PBXBuildFile; fileRef = AA3DBDF11C43A5AE00DB23A4 /* LaunchScreen.storyboard */; };
		AA3DBDFD1C43AA2400DB23A4 /* TweetsTableViewController.m in Sources */ = {isa = PBXBuildFile; fileRef = AA3DBDFC1C43AA2400DB23A4 /* TweetsTableViewController.m */; };
		AA939CA11C43B60800E37C2F /* TweetCell.m in Sources */ = {isa = PBXBuildFile; fileRef = AA939CA01C43B60800E37C2F /* TweetCell.m */; };
		AA939CAB1C43CEB600E37C2F /* photo.png in Resources */ = {isa = PBXBuildFile; fileRef = AA939CAA1C43CEB600E37C2F /* photo.png */; };
		AA939CAE1C43D51C00E37C2F /* TweetCellData.m in Sources */ = {isa = PBXBuildFile; fileRef = AA939CAD1C43D51C00E37C2F /* TweetCellData.m */; };
		AA939CB01C43E9B000E37C2F /* Social.framework in Frameworks */ = {isa = PBXBuildFile; fileRef = AA939CAF1C43E9B000E37C2F /* Social.framework */; };
		AA939CB31C43EA7900E37C2F /* TwitterManager.m in Sources */ = {isa = PBXBuildFile; fileRef = AA939CB21C43EA7900E37C2F /* TwitterManager.m */; };
		AA939CB71C45145100E37C2F /* Tweet.m in Sources */ = {isa = PBXBuildFile; fileRef = AA939CB61C45145100E37C2F /* Tweet.m */; };
		AADDD91F1C47B14300E08995 /* TweetRowController.m in Sources */ = {isa = PBXBuildFile; fileRef = AADDD91E1C47B14300E08995 /* TweetRowController.m */; };
		AADDD9211C47B6C800E08995 /* Tweet.m in Sources */ = {isa = PBXBuildFile; fileRef = AA939CB61C45145100E37C2F /* Tweet.m */; };
		AADDD9221C47B6FF00E08995 /* TweetCellData.m in Sources */ = {isa = PBXBuildFile; fileRef = AA939CAD1C43D51C00E37C2F /* TweetCellData.m */; };
		AADE8DED1C467C6200E0DE77 /* Interface.storyboard in Resources */ = {isa = PBXBuildFile; fileRef = AADE8DEB1C467C6200E0DE77 /* Interface.storyboard */; };
		AADE8DEF1C467C6200E0DE77 /* Assets.xcassets in Resources */ = {isa = PBXBuildFile; fileRef = AADE8DEE1C467C6200E0DE77 /* Assets.xcassets */; };
		AADE8DF61C467C6200E0DE77 /* TwitterAppWatch Extension.appex in Embed App Extensions */ = {isa = PBXBuildFile; fileRef = AADE8DF51C467C6200E0DE77 /* TwitterAppWatch Extension.appex */; settings = {ATTRIBUTES = (RemoveHeadersOnCopy, ); }; };
		AADE8DFE1C467C6200E0DE77 /* InterfaceController.m in Sources */ = {isa = PBXBuildFile; fileRef = AADE8DFD1C467C6200E0DE77 /* InterfaceController.m */; };
		AADE8E011C467C6200E0DE77 /* ExtensionDelegate.m in Sources */ = {isa = PBXBuildFile; fileRef = AADE8E001C467C6200E0DE77 /* ExtensionDelegate.m */; };
		AADE8E041C467C6200E0DE77 /* NotificationController.m in Sources */ = {isa = PBXBuildFile; fileRef = AADE8E031C467C6200E0DE77 /* NotificationController.m */; };
		AADE8E061C467C6200E0DE77 /* Assets.xcassets in Resources */ = {isa = PBXBuildFile; fileRef = AADE8E051C467C6200E0DE77 /* Assets.xcassets */; };
		AADE8E0B1C467C6200E0DE77 /* TwitterAppWatch.app in Embed Watch Content */ = {isa = PBXBuildFile; fileRef = AADE8DE91C467C6200E0DE77 /* TwitterAppWatch.app */; };
/* End PBXBuildFile section */

/* Begin PBXContainerItemProxy section */
		AADE8DF71C467C6200E0DE77 /* PBXContainerItemProxy */ = {
			isa = PBXContainerItemProxy;
			containerPortal = AA3DBDD81C43A5AE00DB23A4 /* Project object */;
			proxyType = 1;
			remoteGlobalIDString = AADE8DF41C467C6200E0DE77;
			remoteInfo = "TwitterAppWatch Extension";
		};
		AADE8E081C467C6200E0DE77 /* PBXContainerItemProxy */ = {
			isa = PBXContainerItemProxy;
			containerPortal = AA3DBDD81C43A5AE00DB23A4 /* Project object */;
			proxyType = 1;
			remoteGlobalIDString = AADE8DE81C467C6200E0DE77;
			remoteInfo = TwitterAppWatch;
		};
/* End PBXContainerItemProxy section */

/* Begin PBXCopyFilesBuildPhase section */
		AADE8E0A1C467C6200E0DE77 /* Embed Watch Content */ = {
			isa = PBXCopyFilesBuildPhase;
			buildActionMask = 2147483647;
			dstPath = "$(CONTENTS_FOLDER_PATH)/Watch";
			dstSubfolderSpec = 16;
			files = (
				AADE8E0B1C467C6200E0DE77 /* TwitterAppWatch.app in Embed Watch Content */,
			);
			name = "Embed Watch Content";
			runOnlyForDeploymentPostprocessing = 0;
		};
		AADE8E111C467C6200E0DE77 /* Embed App Extensions */ = {
			isa = PBXCopyFilesBuildPhase;
			buildActionMask = 2147483647;
			dstPath = "";
			dstSubfolderSpec = 13;
			files = (
				AADE8DF61C467C6200E0DE77 /* TwitterAppWatch Extension.appex in Embed App Extensions */,
			);
			name = "Embed App Extensions";
			runOnlyForDeploymentPostprocessing = 0;
		};
/* End PBXCopyFilesBuildPhase section */

/* Begin PBXFileReference section */
		AA3DBDE01C43A5AE00DB23A4 /* TwitterApp.app */ = {isa = PBXFileReference; explicitFileType = wrapper.application; includeInIndex = 0; path = TwitterApp.app; sourceTree = BUILT_PRODUCTS_DIR; };
		AA3DBDE41C43A5AE00DB23A4 /* main.m */ = {isa = PBXFileReference; lastKnownFileType = sourcecode.c.objc; path = main.m; sourceTree = "<group>"; };
		AA3DBDE61C43A5AE00DB23A4 /* AppDelegate.h */ = {isa = PBXFileReference; lastKnownFileType = sourcecode.c.h; path = AppDelegate.h; sourceTree = "<group>"; };
		AA3DBDE71C43A5AE00DB23A4 /* AppDelegate.m */ = {isa = PBXFileReference; lastKnownFileType = sourcecode.c.objc; path = AppDelegate.m; sourceTree = "<group>"; };
		AA3DBDED1C43A5AE00DB23A4 /* Base */ = {isa = PBXFileReference; lastKnownFileType = file.storyboard; name = Base; path = Base.lproj/Main.storyboard; sourceTree = "<group>"; };
		AA3DBDEF1C43A5AE00DB23A4 /* Assets.xcassets */ = {isa = PBXFileReference; lastKnownFileType = folder.assetcatalog; path = Assets.xcassets; sourceTree = "<group>"; };
		AA3DBDF21C43A5AE00DB23A4 /* Base */ = {isa = PBXFileReference; lastKnownFileType = file.storyboard; name = Base; path = Base.lproj/LaunchScreen.storyboard; sourceTree = "<group>"; };
		AA3DBDF41C43A5AE00DB23A4 /* Info.plist */ = {isa = PBXFileReference; lastKnownFileType = text.plist.xml; path = Info.plist; sourceTree = "<group>"; };
		AA3DBDFB1C43AA2400DB23A4 /* TweetsTableViewController.h */ = {isa = PBXFileReference; fileEncoding = 4; lastKnownFileType = sourcecode.c.h; name = TweetsTableViewController.h; path = Classes/Controllers/TweetsTableViewController.h; sourceTree = "<group>"; };
		AA3DBDFC1C43AA2400DB23A4 /* TweetsTableViewController.m */ = {isa = PBXFileReference; fileEncoding = 4; lastKnownFileType = sourcecode.c.objc; name = TweetsTableViewController.m; path = Classes/Controllers/TweetsTableViewController.m; sourceTree = "<group>"; };
		AA939C9F1C43B60800E37C2F /* TweetCell.h */ = {isa = PBXFileReference; fileEncoding = 4; lastKnownFileType = sourcecode.c.h; name = TweetCell.h; path = Classes/Components/TweetCell.h; sourceTree = "<group>"; };
		AA939CA01C43B60800E37C2F /* TweetCell.m */ = {isa = PBXFileReference; fileEncoding = 4; lastKnownFileType = sourcecode.c.objc; name = TweetCell.m; path = Classes/Components/TweetCell.m; sourceTree = "<group>"; };
		AA939CAA1C43CEB600E37C2F /* photo.png */ = {isa = PBXFileReference; lastKnownFileType = image.png; path = photo.png; sourceTree = "<group>"; };
		AA939CAC1C43D51C00E37C2F /* TweetCellData.h */ = {isa = PBXFileReference; fileEncoding = 4; lastKnownFileType = sourcecode.c.h; name = TweetCellData.h; path = "Classes/View Data/TweetCellData.h"; sourceTree = "<group>"; };
		AA939CAD1C43D51C00E37C2F /* TweetCellData.m */ = {isa = PBXFileReference; fileEncoding = 4; lastKnownFileType = sourcecode.c.objc; name = TweetCellData.m; path = "Classes/View Data/TweetCellData.m"; sourceTree = "<group>"; };
		AA939CAF1C43E9B000E37C2F /* Social.framework */ = {isa = PBXFileReference; lastKnownFileType = wrapper.framework; name = Social.framework; path = System/Library/Frameworks/Social.framework; sourceTree = SDKROOT; };
		AA939CB11C43EA7900E37C2F /* TwitterManager.h */ = {isa = PBXFileReference; fileEncoding = 4; lastKnownFileType = sourcecode.c.h; name = TwitterManager.h; path = Classes/Network/TwitterManager.h; sourceTree = "<group>"; };
		AA939CB21C43EA7900E37C2F /* TwitterManager.m */ = {isa = PBXFileReference; fileEncoding = 4; lastKnownFileType = sourcecode.c.objc; name = TwitterManager.m; path = Classes/Network/TwitterManager.m; sourceTree = "<group>"; };
		AA939CB51C45145100E37C2F /* Tweet.h */ = {isa = PBXFileReference; fileEncoding = 4; lastKnownFileType = sourcecode.c.h; name = Tweet.h; path = Classes/Model/Tweet.h; sourceTree = "<group>"; };
		AA939CB61C45145100E37C2F /* Tweet.m */ = {isa = PBXFileReference; fileEncoding = 4; lastKnownFileType = sourcecode.c.objc; name = Tweet.m; path = Classes/Model/Tweet.m; sourceTree = "<group>"; };
		AADDD91D1C47B14300E08995 /* TweetRowController.h */ = {isa = PBXFileReference; fileEncoding = 4; lastKnownFileType = sourcecode.c.h; path = TweetRowController.h; sourceTree = "<group>"; };
		AADDD91E1C47B14300E08995 /* TweetRowController.m */ = {isa = PBXFileReference; fileEncoding = 4; lastKnownFileType = sourcecode.c.objc; path = TweetRowController.m; sourceTree = "<group>"; };
		AADE8DE91C467C6200E0DE77 /* TwitterAppWatch.app */ = {isa = PBXFileReference; explicitFileType = wrapper.application; includeInIndex = 0; path = TwitterAppWatch.app; sourceTree = BUILT_PRODUCTS_DIR; };
		AADE8DEC1C467C6200E0DE77 /* Base */ = {isa = PBXFileReference; lastKnownFileType = file.storyboard; name = Base; path = Base.lproj/Interface.storyboard; sourceTree = "<group>"; };
		AADE8DEE1C467C6200E0DE77 /* Assets.xcassets */ = {isa = PBXFileReference; lastKnownFileType = folder.assetcatalog; path = Assets.xcassets; sourceTree = "<group>"; };
		AADE8DF01C467C6200E0DE77 /* Info.plist */ = {isa = PBXFileReference; lastKnownFileType = text.plist.xml; path = Info.plist; sourceTree = "<group>"; };
		AADE8DF51C467C6200E0DE77 /* TwitterAppWatch Extension.appex */ = {isa = PBXFileReference; explicitFileType = "wrapper.app-extension"; includeInIndex = 0; path = "TwitterAppWatch Extension.appex"; sourceTree = BUILT_PRODUCTS_DIR; };
		AADE8DFB1C467C6200E0DE77 /* PushNotificationPayload.apns */ = {isa = PBXFileReference; lastKnownFileType = text; path = PushNotificationPayload.apns; sourceTree = "<group>"; };
		AADE8DFC1C467C6200E0DE77 /* InterfaceController.h */ = {isa = PBXFileReference; lastKnownFileType = sourcecode.c.h; path = InterfaceController.h; sourceTree = "<group>"; };
		AADE8DFD1C467C6200E0DE77 /* InterfaceController.m */ = {isa = PBXFileReference; lastKnownFileType = sourcecode.c.objc; path = InterfaceController.m; sourceTree = "<group>"; };
		AADE8DFF1C467C6200E0DE77 /* ExtensionDelegate.h */ = {isa = PBXFileReference; lastKnownFileType = sourcecode.c.h; path = ExtensionDelegate.h; sourceTree = "<group>"; };
		AADE8E001C467C6200E0DE77 /* ExtensionDelegate.m */ = {isa = PBXFileReference; lastKnownFileType = sourcecode.c.objc; path = ExtensionDelegate.m; sourceTree = "<group>"; };
		AADE8E021C467C6200E0DE77 /* NotificationController.h */ = {isa = PBXFileReference; lastKnownFileType = sourcecode.c.h; path = NotificationController.h; sourceTree = "<group>"; };
		AADE8E031C467C6200E0DE77 /* NotificationController.m */ = {isa = PBXFileReference; lastKnownFileType = sourcecode.c.objc; path = NotificationController.m; sourceTree = "<group>"; };
		AADE8E051C467C6200E0DE77 /* Assets.xcassets */ = {isa = PBXFileReference; lastKnownFileType = folder.assetcatalog; path = Assets.xcassets; sourceTree = "<group>"; };
		AADE8E071C467C6200E0DE77 /* Info.plist */ = {isa = PBXFileReference; lastKnownFileType = text.plist.xml; path = Info.plist; sourceTree = "<group>"; };
/* End PBXFileReference section */

/* Begin PBXFrameworksBuildPhase section */
		AA3DBDDD1C43A5AE00DB23A4 /* Frameworks */ = {
			isa = PBXFrameworksBuildPhase;
			buildActionMask = 2147483647;
			files = (
				AA939CB01C43E9B000E37C2F /* Social.framework in Frameworks */,
			);
			runOnlyForDeploymentPostprocessing = 0;
		};
		AADE8DF21C467C6200E0DE77 /* Frameworks */ = {
			isa = PBXFrameworksBuildPhase;
			buildActionMask = 2147483647;
			files = (
			);
			runOnlyForDeploymentPostprocessing = 0;
		};
/* End PBXFrameworksBuildPhase section */

/* Begin PBXGroup section */
		AA3DBDD71C43A5AE00DB23A4 = {
			isa = PBXGroup;
			children = (
				AA939CAF1C43E9B000E37C2F /* Social.framework */,
				AA3DBDE21C43A5AE00DB23A4 /* TwitterApp */,
				AADE8DEA1C467C6200E0DE77 /* TwitterAppWatch */,
				AADE8DF91C467C6200E0DE77 /* TwitterAppWatch Extension */,
				AA3DBDE11C43A5AE00DB23A4 /* Products */,
			);
			sourceTree = "<group>";
		};
		AA3DBDE11C43A5AE00DB23A4 /* Products */ = {
			isa = PBXGroup;
			children = (
				AA3DBDE01C43A5AE00DB23A4 /* TwitterApp.app */,
				AADE8DE91C467C6200E0DE77 /* TwitterAppWatch.app */,
				AADE8DF51C467C6200E0DE77 /* TwitterAppWatch Extension.appex */,
			);
			name = Products;
			sourceTree = "<group>";
		};
		AA3DBDE21C43A5AE00DB23A4 /* TwitterApp */ = {
			isa = PBXGroup;
			children = (
				AA3DBDFE1C43AA2E00DB23A4 /* Classes */,
				AA3DBDEC1C43A5AE00DB23A4 /* Main.storyboard */,
				AA3DBDEF1C43A5AE00DB23A4 /* Assets.xcassets */,
				AA3DBDF11C43A5AE00DB23A4 /* LaunchScreen.storyboard */,
				AA3DBDF41C43A5AE00DB23A4 /* Info.plist */,
				AA939CAA1C43CEB600E37C2F /* photo.png */,
				AA3DBDE31C43A5AE00DB23A4 /* Supporting Files */,
			);
			path = TwitterApp;
			sourceTree = "<group>";
		};
		AA3DBDE31C43A5AE00DB23A4 /* Supporting Files */ = {
			isa = PBXGroup;
			children = (
				AA3DBDE61C43A5AE00DB23A4 /* AppDelegate.h */,
				AA3DBDE71C43A5AE00DB23A4 /* AppDelegate.m */,
				AA3DBDE41C43A5AE00DB23A4 /* main.m */,
			);
			name = "Supporting Files";
			sourceTree = "<group>";
		};
		AA3DBDFE1C43AA2E00DB23A4 /* Classes */ = {
			isa = PBXGroup;
			children = (
				AA939CA21C43B60F00E37C2F /* Components */,
				AA3DBDFF1C43AA3300DB23A4 /* Controllers */,
				AA939CB81C45145500E37C2F /* Model */,
				AA939CB41C43EA8200E37C2F /* Network */,
				AA939CA81C43CB8500E37C2F /* View Data */,
			);
			name = Classes;
			sourceTree = "<group>";
		};
		AA3DBDFF1C43AA3300DB23A4 /* Controllers */ = {
			isa = PBXGroup;
			children = (
				AA3DBDFB1C43AA2400DB23A4 /* TweetsTableViewController.h */,
				AA3DBDFC1C43AA2400DB23A4 /* TweetsTableViewController.m */,
			);
			name = Controllers;
			sourceTree = "<group>";
		};
		AA939CA21C43B60F00E37C2F /* Components */ = {
			isa = PBXGroup;
			children = (
				AA939C9F1C43B60800E37C2F /* TweetCell.h */,
				AA939CA01C43B60800E37C2F /* TweetCell.m */,
			);
			name = Components;
			sourceTree = "<group>";
		};
		AA939CA81C43CB8500E37C2F /* View Data */ = {
			isa = PBXGroup;
			children = (
				AA939CAC1C43D51C00E37C2F /* TweetCellData.h */,
				AA939CAD1C43D51C00E37C2F /* TweetCellData.m */,
			);
			name = "View Data";
			sourceTree = "<group>";
		};
		AA939CB41C43EA8200E37C2F /* Network */ = {
			isa = PBXGroup;
			children = (
				AA939CB11C43EA7900E37C2F /* TwitterManager.h */,
				AA939CB21C43EA7900E37C2F /* TwitterManager.m */,
			);
			name = Network;
			sourceTree = "<group>";
		};
		AA939CB81C45145500E37C2F /* Model */ = {
			isa = PBXGroup;
			children = (
				AA939CB51C45145100E37C2F /* Tweet.h */,
				AA939CB61C45145100E37C2F /* Tweet.m */,
			);
			name = Model;
			sourceTree = "<group>";
		};
		AADE8DEA1C467C6200E0DE77 /* TwitterAppWatch */ = {
			isa = PBXGroup;
			children = (
				AADE8DEB1C467C6200E0DE77 /* Interface.storyboard */,
				AADE8DEE1C467C6200E0DE77 /* Assets.xcassets */,
				AADE8DF01C467C6200E0DE77 /* Info.plist */,
			);
			path = TwitterAppWatch;
			sourceTree = "<group>";
		};
		AADE8DF91C467C6200E0DE77 /* TwitterAppWatch Extension */ = {
			isa = PBXGroup;
			children = (
				AADE8DFC1C467C6200E0DE77 /* InterfaceController.h */,
				AADE8DFD1C467C6200E0DE77 /* InterfaceController.m */,
				AADE8DFF1C467C6200E0DE77 /* ExtensionDelegate.h */,
				AADE8E001C467C6200E0DE77 /* ExtensionDelegate.m */,
				AADE8E021C467C6200E0DE77 /* NotificationController.h */,
				AADE8E031C467C6200E0DE77 /* NotificationController.m */,
				AADDD91D1C47B14300E08995 /* TweetRowController.h */,
				AADDD91E1C47B14300E08995 /* TweetRowController.m */,
				AADE8E051C467C6200E0DE77 /* Assets.xcassets */,
				AADE8E071C467C6200E0DE77 /* Info.plist */,
				AADE8DFA1C467C6200E0DE77 /* Supporting Files */,
			);
			path = "TwitterAppWatch Extension";
			sourceTree = "<group>";
		};
		AADE8DFA1C467C6200E0DE77 /* Supporting Files */ = {
			isa = PBXGroup;
			children = (
				AADE8DFB1C467C6200E0DE77 /* PushNotificationPayload.apns */,
			);
			name = "Supporting Files";
			sourceTree = "<group>";
		};
/* End PBXGroup section */

/* Begin PBXNativeTarget section */
		AA3DBDDF1C43A5AE00DB23A4 /* TwitterApp */ = {
			isa = PBXNativeTarget;
			buildConfigurationList = AA3DBDF71C43A5AE00DB23A4 /* Build configuration list for PBXNativeTarget "TwitterApp" */;
			buildPhases = (
				AA3DBDDC1C43A5AE00DB23A4 /* Sources */,
				AA3DBDDD1C43A5AE00DB23A4 /* Frameworks */,
				AA3DBDDE1C43A5AE00DB23A4 /* Resources */,
				AADE8E0A1C467C6200E0DE77 /* Embed Watch Content */,
			);
			buildRules = (
			);
			dependencies = (
				AADE8E091C467C6200E0DE77 /* PBXTargetDependency */,
			);
			name = TwitterApp;
			productName = TwitterApp;
			productReference = AA3DBDE01C43A5AE00DB23A4 /* TwitterApp.app */;
			productType = "com.apple.product-type.application";
		};
		AADE8DE81C467C6200E0DE77 /* TwitterAppWatch */ = {
			isa = PBXNativeTarget;
			buildConfigurationList = AADE8E121C467C6200E0DE77 /* Build configuration list for PBXNativeTarget "TwitterAppWatch" */;
			buildPhases = (
				AADE8DE71C467C6200E0DE77 /* Resources */,
				AADE8E111C467C6200E0DE77 /* Embed App Extensions */,
			);
			buildRules = (
			);
			dependencies = (
				AADE8DF81C467C6200E0DE77 /* PBXTargetDependency */,
			);
			name = TwitterAppWatch;
			productName = TwitterAppWatch;
			productReference = AADE8DE91C467C6200E0DE77 /* TwitterAppWatch.app */;
			productType = "com.apple.product-type.application.watchapp2";
		};
		AADE8DF41C467C6200E0DE77 /* TwitterAppWatch Extension */ = {
			isa = PBXNativeTarget;
			buildConfigurationList = AADE8E101C467C6200E0DE77 /* Build configuration list for PBXNativeTarget "TwitterAppWatch Extension" */;
			buildPhases = (
				AADE8DF11C467C6200E0DE77 /* Sources */,
				AADE8DF21C467C6200E0DE77 /* Frameworks */,
				AADE8DF31C467C6200E0DE77 /* Resources */,
			);
			buildRules = (
			);
			dependencies = (
			);
			name = "TwitterAppWatch Extension";
			productName = "TwitterAppWatch Extension";
			productReference = AADE8DF51C467C6200E0DE77 /* TwitterAppWatch Extension.appex */;
			productType = "com.apple.product-type.watchkit2-extension";
		};
/* End PBXNativeTarget section */

/* Begin PBXProject section */
		AA3DBDD81C43A5AE00DB23A4 /* Project object */ = {
			isa = PBXProject;
			attributes = {
				LastUpgradeCheck = 0720;
				ORGANIZATIONNAME = "Hegyi Hajnalka";
				TargetAttributes = {
					AA3DBDDF1C43A5AE00DB23A4 = {
						CreatedOnToolsVersion = 7.2;
					};
					AADE8DE81C467C6200E0DE77 = {
						CreatedOnToolsVersion = 7.2;
					};
					AADE8DF41C467C6200E0DE77 = {
						CreatedOnToolsVersion = 7.2;
					};
				};
			};
			buildConfigurationList = AA3DBDDB1C43A5AE00DB23A4 /* Build configuration list for PBXProject "TwitterApp" */;
			compatibilityVersion = "Xcode 3.2";
			developmentRegion = English;
			hasScannedForEncodings = 0;
			knownRegions = (
				en,
				Base,
			);
			mainGroup = AA3DBDD71C43A5AE00DB23A4;
			productRefGroup = AA3DBDE11C43A5AE00DB23A4 /* Products */;
			projectDirPath = "";
			projectRoot = "";
			targets = (
				AA3DBDDF1C43A5AE00DB23A4 /* TwitterApp */,
				AADE8DE81C467C6200E0DE77 /* TwitterAppWatch */,
				AADE8DF41C467C6200E0DE77 /* TwitterAppWatch Extension */,
			);
		};
/* End PBXProject section */

/* Begin PBXResourcesBuildPhase section */
		AA3DBDDE1C43A5AE00DB23A4 /* Resources */ = {
			isa = PBXResourcesBuildPhase;
			buildActionMask = 2147483647;
			files = (
				AA3DBDF31C43A5AE00DB23A4 /* LaunchScreen.storyboard in Resources */,
				AA3DBDF01C43A5AE00DB23A4 /* Assets.xcassets in Resources */,
				AA939CAB1C43CEB600E37C2F /* photo.png in Resources */,
				AA3DBDEE1C43A5AE00DB23A4 /* Main.storyboard in Resources */,
			);
			runOnlyForDeploymentPostprocessing = 0;
		};
		AADE8DE71C467C6200E0DE77 /* Resources */ = {
			isa = PBXResourcesBuildPhase;
			buildActionMask = 2147483647;
			files = (
				AADE8DEF1C467C6200E0DE77 /* Assets.xcassets in Resources */,
				AADE8DED1C467C6200E0DE77 /* Interface.storyboard in Resources */,
			);
			runOnlyForDeploymentPostprocessing = 0;
		};
		AADE8DF31C467C6200E0DE77 /* Resources */ = {
			isa = PBXResourcesBuildPhase;
			buildActionMask = 2147483647;
			files = (
				AADE8E061C467C6200E0DE77 /* Assets.xcassets in Resources */,
			);
			runOnlyForDeploymentPostprocessing = 0;
		};
/* End PBXResourcesBuildPhase section */

/* Begin PBXSourcesBuildPhase section */
		AA3DBDDC1C43A5AE00DB23A4 /* Sources */ = {
			isa = PBXSourcesBuildPhase;
			buildActionMask = 2147483647;
			files = (
				AA3DBDFD1C43AA2400DB23A4 /* TweetsTableViewController.m in Sources */,
				AA939CAE1C43D51C00E37C2F /* TweetCellData.m in Sources */,
				AA3DBDE81C43A5AE00DB23A4 /* AppDelegate.m in Sources */,
				AA939CB71C45145100E37C2F /* Tweet.m in Sources */,
				AA939CB31C43EA7900E37C2F /* TwitterManager.m in Sources */,
				AA3DBDE51C43A5AE00DB23A4 /* main.m in Sources */,
				AA939CA11C43B60800E37C2F /* TweetCell.m in Sources */,
			);
			runOnlyForDeploymentPostprocessing = 0;
		};
		AADE8DF11C467C6200E0DE77 /* Sources */ = {
			isa = PBXSourcesBuildPhase;
			buildActionMask = 2147483647;
			files = (
				AADDD91F1C47B14300E08995 /* TweetRowController.m in Sources */,
				AADE8E011C467C6200E0DE77 /* ExtensionDelegate.m in Sources */,
				AADDD9211C47B6C800E08995 /* Tweet.m in Sources */,
				AADDD9221C47B6FF00E08995 /* TweetCellData.m in Sources */,
				AADE8DFE1C467C6200E0DE77 /* InterfaceController.m in Sources */,
				AADE8E041C467C6200E0DE77 /* NotificationController.m in Sources */,
			);
			runOnlyForDeploymentPostprocessing = 0;
		};
/* End PBXSourcesBuildPhase section */

/* Begin PBXTargetDependency section */
		AADE8DF81C467C6200E0DE77 /* PBXTargetDependency */ = {
			isa = PBXTargetDependency;
			target = AADE8DF41C467C6200E0DE77 /* TwitterAppWatch Extension */;
			targetProxy = AADE8DF71C467C6200E0DE77 /* PBXContainerItemProxy */;
		};
		AADE8E091C467C6200E0DE77 /* PBXTargetDependency */ = {
			isa = PBXTargetDependency;
			target = AADE8DE81C467C6200E0DE77 /* TwitterAppWatch */;
			targetProxy = AADE8E081C467C6200E0DE77 /* PBXContainerItemProxy */;
		};
/* End PBXTargetDependency section */

/* Begin PBXVariantGroup section */
		AA3DBDEC1C43A5AE00DB23A4 /* Main.storyboard */ = {
			isa = PBXVariantGroup;
			children = (
				AA3DBDED1C43A5AE00DB23A4 /* Base */,
			);
			name = Main.storyboard;
			sourceTree = "<group>";
		};
		AA3DBDF11C43A5AE00DB23A4 /* LaunchScreen.storyboard */ = {
			isa = PBXVariantGroup;
			children = (
				AA3DBDF21C43A5AE00DB23A4 /* Base */,
			);
			name = LaunchScreen.storyboard;
			sourceTree = "<group>";
		};
		AADE8DEB1C467C6200E0DE77 /* Interface.storyboard */ = {
			isa = PBXVariantGroup;
			children = (
				AADE8DEC1C467C6200E0DE77 /* Base */,
			);
			name = Interface.storyboard;
			sourceTree = "<group>";
		};
/* End PBXVariantGroup section */

/* Begin XCBuildConfiguration section */
		AA3DBDF51C43A5AE00DB23A4 /* Debug */ = {
			isa = XCBuildConfiguration;
			buildSettings = {
				ALWAYS_SEARCH_USER_PATHS = NO;
				CLANG_CXX_LANGUAGE_STANDARD = "gnu++0x";
				CLANG_CXX_LIBRARY = "libc++";
				CLANG_ENABLE_MODULES = YES;
				CLANG_ENABLE_OBJC_ARC = YES;
				CLANG_WARN_BOOL_CONVERSION = YES;
				CLANG_WARN_CONSTANT_CONVERSION = YES;
				CLANG_WARN_DIRECT_OBJC_ISA_USAGE = YES_ERROR;
				CLANG_WARN_EMPTY_BODY = YES;
				CLANG_WARN_ENUM_CONVERSION = YES;
				CLANG_WARN_INT_CONVERSION = YES;
				CLANG_WARN_OBJC_ROOT_CLASS = YES_ERROR;
				CLANG_WARN_UNREACHABLE_CODE = YES;
				CLANG_WARN__DUPLICATE_METHOD_MATCH = YES;
				"CODE_SIGN_IDENTITY[sdk=iphoneos*]" = "iPhone Developer";
				COPY_PHASE_STRIP = NO;
				DEBUG_INFORMATION_FORMAT = dwarf;
				ENABLE_STRICT_OBJC_MSGSEND = YES;
				ENABLE_TESTABILITY = YES;
				GCC_C_LANGUAGE_STANDARD = gnu99;
				GCC_DYNAMIC_NO_PIC = NO;
				GCC_NO_COMMON_BLOCKS = YES;
				GCC_OPTIMIZATION_LEVEL = 0;
				GCC_PREPROCESSOR_DEFINITIONS = (
					"DEBUG=1",
					"$(inherited)",
				);
				GCC_WARN_64_TO_32_BIT_CONVERSION = YES;
				GCC_WARN_ABOUT_RETURN_TYPE = YES_ERROR;
				GCC_WARN_UNDECLARED_SELECTOR = YES;
				GCC_WARN_UNINITIALIZED_AUTOS = YES_AGGRESSIVE;
				GCC_WARN_UNUSED_FUNCTION = YES;
				GCC_WARN_UNUSED_VARIABLE = YES;
				IPHONEOS_DEPLOYMENT_TARGET = 9.2;
				MTL_ENABLE_DEBUG_INFO = YES;
				ONLY_ACTIVE_ARCH = YES;
				SDKROOT = iphoneos;
				TARGETED_DEVICE_FAMILY = "1,2";
			};
			name = Debug;
		};
		AA3DBDF61C43A5AE00DB23A4 /* Release */ = {
			isa = XCBuildConfiguration;
			buildSettings = {
				ALWAYS_SEARCH_USER_PATHS = NO;
				CLANG_CXX_LANGUAGE_STANDARD = "gnu++0x";
				CLANG_CXX_LIBRARY = "libc++";
				CLANG_ENABLE_MODULES = YES;
				CLANG_ENABLE_OBJC_ARC = YES;
				CLANG_WARN_BOOL_CONVERSION = YES;
				CLANG_WARN_CONSTANT_CONVERSION = YES;
				CLANG_WARN_DIRECT_OBJC_ISA_USAGE = YES_ERROR;
				CLANG_WARN_EMPTY_BODY = YES;
				CLANG_WARN_ENUM_CONVERSION = YES;
				CLANG_WARN_INT_CONVERSION = YES;
				CLANG_WARN_OBJC_ROOT_CLASS = YES_ERROR;
				CLANG_WARN_UNREACHABLE_CODE = YES;
				CLANG_WARN__DUPLICATE_METHOD_MATCH = YES;
				"CODE_SIGN_IDENTITY[sdk=iphoneos*]" = "iPhone Developer";
				COPY_PHASE_STRIP = NO;
				DEBUG_INFORMATION_FORMAT = "dwarf-with-dsym";
				ENABLE_NS_ASSERTIONS = NO;
				ENABLE_STRICT_OBJC_MSGSEND = YES;
				GCC_C_LANGUAGE_STANDARD = gnu99;
				GCC_NO_COMMON_BLOCKS = YES;
				GCC_WARN_64_TO_32_BIT_CONVERSION = YES;
				GCC_WARN_ABOUT_RETURN_TYPE = YES_ERROR;
				GCC_WARN_UNDECLARED_SELECTOR = YES;
				GCC_WARN_UNINITIALIZED_AUTOS = YES_AGGRESSIVE;
				GCC_WARN_UNUSED_FUNCTION = YES;
				GCC_WARN_UNUSED_VARIABLE = YES;
				IPHONEOS_DEPLOYMENT_TARGET = 9.2;
				MTL_ENABLE_DEBUG_INFO = NO;
				SDKROOT = iphoneos;
				TARGETED_DEVICE_FAMILY = "1,2";
				VALIDATE_PRODUCT = YES;
			};
			name = Release;
		};
		AA3DBDF81C43A5AE00DB23A4 /* Debug */ = {
			isa = XCBuildConfiguration;
			buildSettings = {
				ASSETCATALOG_COMPILER_APPICON_NAME = AppIcon;
				INFOPLIST_FILE = TwitterApp/Info.plist;
				LD_RUNPATH_SEARCH_PATHS = "$(inherited) @executable_path/Frameworks";
				PRODUCT_BUNDLE_IDENTIFIER = edu.hajhegyi.TwitterApp;
				PRODUCT_NAME = "$(TARGET_NAME)";
				TARGETED_DEVICE_FAMILY = 1;
			};
			name = Debug;
		};
		AA3DBDF91C43A5AE00DB23A4 /* Release */ = {
			isa = XCBuildConfiguration;
			buildSettings = {
				ASSETCATALOG_COMPILER_APPICON_NAME = AppIcon;
				INFOPLIST_FILE = TwitterApp/Info.plist;
				LD_RUNPATH_SEARCH_PATHS = "$(inherited) @executable_path/Frameworks";
				PRODUCT_BUNDLE_IDENTIFIER = edu.hajhegyi.TwitterApp;
				PRODUCT_NAME = "$(TARGET_NAME)";
				TARGETED_DEVICE_FAMILY = 1;
			};
			name = Release;
		};
		AADE8E0C1C467C6200E0DE77 /* Debug */ = {
			isa = XCBuildConfiguration;
			buildSettings = {
				ASSETCATALOG_COMPILER_APPICON_NAME = AppIcon;
				IBSC_MODULE = TwitterAppWatch_Extension;
				INFOPLIST_FILE = TwitterAppWatch/Info.plist;
				PRODUCT_BUNDLE_IDENTIFIER = edu.hajhegyi.TwitterApp.watchkitapp;
				PRODUCT_NAME = "$(TARGET_NAME)";
				SDKROOT = watchos;
				SKIP_INSTALL = YES;
				TARGETED_DEVICE_FAMILY = 4;
				WATCHOS_DEPLOYMENT_TARGET = 2.1;
			};
			name = Debug;
		};
		AADE8E0D1C467C6200E0DE77 /* Release */ = {
			isa = XCBuildConfiguration;
			buildSettings = {
				ASSETCATALOG_COMPILER_APPICON_NAME = AppIcon;
				IBSC_MODULE = TwitterAppWatch_Extension;
				INFOPLIST_FILE = TwitterAppWatch/Info.plist;
				PRODUCT_BUNDLE_IDENTIFIER = edu.hajhegyi.TwitterApp.watchkitapp;
				PRODUCT_NAME = "$(TARGET_NAME)";
				SDKROOT = watchos;
				SKIP_INSTALL = YES;
				TARGETED_DEVICE_FAMILY = 4;
				WATCHOS_DEPLOYMENT_TARGET = 2.1;
			};
			name = Release;
		};
		AADE8E0E1C467C6200E0DE77 /* Debug */ = {
			isa = XCBuildConfiguration;
			buildSettings = {
				INFOPLIST_FILE = "TwitterAppWatch Extension/Info.plist";
				LD_RUNPATH_SEARCH_PATHS = "$(inherited) @executable_path/Frameworks @executable_path/../../Frameworks";
				PRODUCT_BUNDLE_IDENTIFIER = edu.hajhegyi.TwitterApp.watchkitapp.watchkitextension;
				PRODUCT_NAME = "${TARGET_NAME}";
				SDKROOT = watchos;
				SKIP_INSTALL = YES;
				TARGETED_DEVICE_FAMILY = 4;
				WATCHOS_DEPLOYMENT_TARGET = 2.1;
			};
			name = Debug;
		};
		AADE8E0F1C467C6200E0DE77 /* Release */ = {
			isa = XCBuildConfiguration;
			buildSettings = {
				INFOPLIST_FILE = "TwitterAppWatch Extension/Info.plist";
				LD_RUNPATH_SEARCH_PATHS = "$(inherited) @executable_path/Frameworks @executable_path/../../Frameworks";
				PRODUCT_BUNDLE_IDENTIFIER = edu.hajhegyi.TwitterApp.watchkitapp.watchkitextension;
				PRODUCT_NAME = "${TARGET_NAME}";
				SDKROOT = watchos;
				SKIP_INSTALL = YES;
				TARGETED_DEVICE_FAMILY = 4;
				WATCHOS_DEPLOYMENT_TARGET = 2.1;
			};
			name = Release;
		};
/* End XCBuildConfiguration section */

/* Begin XCConfigurationList section */
		AA3DBDDB1C43A5AE00DB23A4 /* Build configuration list for PBXProject "TwitterApp" */ = {
			isa = XCConfigurationList;
			buildConfigurations = (
				AA3DBDF51C43A5AE00DB23A4 /* Debug */,
				AA3DBDF61C43A5AE00DB23A4 /* Release */,
			);
			defaultConfigurationIsVisible = 0;
			defaultConfigurationName = Release;
		};
		AA3DBDF71C43A5AE00DB23A4 /* Build configuration list for PBXNativeTarget "TwitterApp" */ = {
			isa = XCConfigurationList;
			buildConfigurations = (
				AA3DBDF81C43A5AE00DB23A4 /* Debug */,
				AA3DBDF91C43A5AE00DB23A4 /* Release */,
			);
			defaultConfigurationIsVisible = 0;
			defaultConfigurationName = Release;
		};
		AADE8E101C467C6200E0DE77 /* Build configuration list for PBXNativeTarget "TwitterAppWatch Extension" */ = {
			isa = XCConfigurationList;
			buildConfigurations = (
				AADE8E0E1C467C6200E0DE77 /* Debug */,
				AADE8E0F1C467C6200E0DE77 /* Release */,
			);
			defaultConfigurationIsVisible = 0;
			defaultConfigurationName = Release;
		};
		AADE8E121C467C6200E0DE77 /* Build configuration list for PBXNativeTarget "TwitterAppWatch" */ = {
			isa = XCConfigurationList;
			buildConfigurations = (
				AADE8E0C1C467C6200E0DE77 /* Debug */,
				AADE8E0D1C467C6200E0DE77 /* Release */,
			);
			defaultConfigurationIsVisible = 0;
			defaultConfigurationName = Release;
		};
/* End XCConfigurationList section */
	};
	rootObject = AA3DBDD81C43A5AE00DB23A4 /* Project object */;
}
